
Microsoft Visual Studio Solution File, Format Version 12.00
# Visual Studio Version 17
VisualStudioVersion = 17.4.33213.308
MinimumVisualStudioVersion = 10.0.40219.1
Project("{FAE04EC0-301F-11D3-BF4B-00C04F79EFBC}") = "project2", "project2\project2.csproj", "{308FD987-56D5-49D7-AC9A-A0D03F924E33}"
EndProject
Global
	GlobalSection(SolutionConfigurationPlatforms) = preSolution
		Debug|Any CPU = Debug|Any CPU
		Release|Any CPU = Release|Any CPU
	EndGlobalSection
	GlobalSection(ProjectConfigurationPlatforms) = postSolution
		{308FD987-56D5-49D7-AC9A-A0D03F924E33}.Debug|Any CPU.ActiveCfg = Debug|Any CPU
		{308FD987-56D5-49D7-AC9A-A0D03F924E33}.Debug|Any CPU.Build.0 = Debug|Any CPU
		{308FD987-56D5-49D7-AC9A-A0D03F924E33}.Release|Any CPU.ActiveCfg = Release|Any CPU
		{308FD987-56D5-49D7-AC9A-A0D03F924E33}.Release|Any CPU.Build.0 = Release|Any CPU
	EndGlobalSection
	GlobalSection(SolutionProperties) = preSolution
		HideSolutionNode = FALSE
	EndGlobalSection
	GlobalSection(ExtensibilityGlobals) = postSolution
		SolutionGuid = {FA4257F2-08AB-4BE9-9FDB-6461072F5622}
	EndGlobalSection
EndGlobal
